// !$*UTF8*$!
{
	archiveVersion = 1;
	classes = {
	};
	objectVersion = 48;
	objects = {

/* Begin PBXBuildFile section */
		CB131DD81FD6AC0200503223 /* AppDelegate.swift in Sources */ = {isa = PBXBuildFile; fileRef = CB131DD71FD6AC0200503223 /* AppDelegate.swift */; };
		CB131DDA1FD6AC0200503223 /* ViewController.swift in Sources */ = {isa = PBXBuildFile; fileRef = CB131DD91FD6AC0200503223 /* ViewController.swift */; };
		CB131DDD1FD6AC0200503223 /* Main.storyboard in Resources */ = {isa = PBXBuildFile; fileRef = CB131DDB1FD6AC0200503223 /* Main.storyboard */; };
		CB131DDF1FD6AC0200503223 /* Assets.xcassets in Resources */ = {isa = PBXBuildFile; fileRef = CB131DDE1FD6AC0200503223 /* Assets.xcassets */; };
		CB131DE21FD6AC0200503223 /* LaunchScreen.storyboard in Resources */ = {isa = PBXBuildFile; fileRef = CB131DE01FD6AC0200503223 /* LaunchScreen.storyboard */; };
		CB131DED1FD6AC0300503223 /* NotaBeneTests.swift in Sources */ = {isa = PBXBuildFile; fileRef = CB131DEC1FD6AC0300503223 /* NotaBeneTests.swift */; };
		CB131DF81FD6AC0300503223 /* NotaBeneUITests.swift in Sources */ = {isa = PBXBuildFile; fileRef = CB131DF71FD6AC0300503223 /* NotaBeneUITests.swift */; };
/* End PBXBuildFile section */

/* Begin PBXContainerItemProxy section */
		CB131DE91FD6AC0300503223 /* PBXContainerItemProxy */ = {
			isa = PBXContainerItemProxy;
			containerPortal = CB131DCC1FD6AC0200503223 /* Project object */;
			proxyType = 1;
			remoteGlobalIDString = CB131DD31FD6AC0200503223;
			remoteInfo = NotaBene;
		};
		CB131DF41FD6AC0300503223 /* PBXContainerItemProxy */ = {
			isa = PBXContainerItemProxy;
			containerPortal = CB131DCC1FD6AC0200503223 /* Project object */;
			proxyType = 1;
			remoteGlobalIDString = CB131DD31FD6AC0200503223;
			remoteInfo = NotaBene;
		};
/* End PBXContainerItemProxy section */

/* Begin PBXFileReference section */
		CB131DD41FD6AC0200503223 /* NotaBene.app */ = {isa = PBXFileReference; explicitFileType = wrapper.application; includeInIndex = 0; path = NotaBene.app; sourceTree = BUILT_PRODUCTS_DIR; };
		CB131DD71FD6AC0200503223 /* AppDelegate.swift */ = {isa = PBXFileReference; lastKnownFileType = sourcecode.swift; path = AppDelegate.swift; sourceTree = "<group>"; };
		CB131DD91FD6AC0200503223 /* ViewController.swift */ = {isa = PBXFileReference; lastKnownFileType = sourcecode.swift; path = ViewController.swift; sourceTree = "<group>"; };
		CB131DDC1FD6AC0200503223 /* Base */ = {isa = PBXFileReference; lastKnownFileType = file.storyboard; name = Base; path = Base.lproj/Main.storyboard; sourceTree = "<group>"; };
		CB131DDE1FD6AC0200503223 /* Assets.xcassets */ = {isa = PBXFileReference; lastKnownFileType = folder.assetcatalog; path = Assets.xcassets; sourceTree = "<group>"; };
		CB131DE11FD6AC0200503223 /* Base */ = {isa = PBXFileReference; lastKnownFileType = file.storyboard; name = Base; path = Base.lproj/LaunchScreen.storyboard; sourceTree = "<group>"; };
		CB131DE31FD6AC0200503223 /* Info.plist */ = {isa = PBXFileReference; lastKnownFileType = text.plist.xml; path = Info.plist; sourceTree = "<group>"; };
		CB131DE81FD6AC0300503223 /* NotaBeneTests.xctest */ = {isa = PBXFileReference; explicitFileType = wrapper.cfbundle; includeInIndex = 0; path = NotaBeneTests.xctest; sourceTree = BUILT_PRODUCTS_DIR; };
		CB131DEC1FD6AC0300503223 /* NotaBeneTests.swift */ = {isa = PBXFileReference; lastKnownFileType = sourcecode.swift; path = NotaBeneTests.swift; sourceTree = "<group>"; };
		CB131DEE1FD6AC0300503223 /* Info.plist */ = {isa = PBXFileReference; lastKnownFileType = text.plist.xml; path = Info.plist; sourceTree = "<group>"; };
		CB131DF31FD6AC0300503223 /* NotaBeneUITests.xctest */ = {isa = PBXFileReference; explicitFileType = wrapper.cfbundle; includeInIndex = 0; path = NotaBeneUITests.xctest; sourceTree = BUILT_PRODUCTS_DIR; };
		CB131DF71FD6AC0300503223 /* NotaBeneUITests.swift */ = {isa = PBXFileReference; lastKnownFileType = sourcecode.swift; path = NotaBeneUITests.swift; sourceTree = "<group>"; };
		CB131DF91FD6AC0300503223 /* Info.plist */ = {isa = PBXFileReference; lastKnownFileType = text.plist.xml; path = Info.plist; sourceTree = "<group>"; };
/* End PBXFileReference section */

/* Begin PBXFrameworksBuildPhase section */
		CB131DD11FD6AC0200503223 /* Frameworks */ = {
			isa = PBXFrameworksBuildPhase;
			buildActionMask = 2147483647;
			files = (
			);
			runOnlyForDeploymentPostprocessing = 0;
		};
		CB131DE51FD6AC0300503223 /* Frameworks */ = {
			isa = PBXFrameworksBuildPhase;
			buildActionMask = 2147483647;
			files = (
			);
			runOnlyForDeploymentPostprocessing = 0;
		};
		CB131DF01FD6AC0300503223 /* Frameworks */ = {
			isa = PBXFrameworksBuildPhase;
			buildActionMask = 2147483647;
			files = (
			);
			runOnlyForDeploymentPostprocessing = 0;
		};
/* End PBXFrameworksBuildPhase section */

/* Begin PBXGroup section */
		CB131DCB1FD6AC0200503223 = {
			isa = PBXGroup;
			children = (
				CB131DD61FD6AC0200503223 /* NotaBene */,
				CB131DEB1FD6AC0300503223 /* NotaBeneTests */,
				CB131DF61FD6AC0300503223 /* NotaBeneUITests */,
				CB131DD51FD6AC0200503223 /* Products */,
			);
			sourceTree = "<group>";
		};
		CB131DD51FD6AC0200503223 /* Products */ = {
			isa = PBXGroup;
			children = (
				CB131DD41FD6AC0200503223 /* NotaBene.app */,
				CB131DE81FD6AC0300503223 /* NotaBeneTests.xctest */,
				CB131DF31FD6AC0300503223 /* NotaBeneUITests.xctest */,
			);
			name = Products;
			sourceTree = "<group>";
		};
		CB131DD61FD6AC0200503223 /* NotaBene */ = {
			isa = PBXGroup;
			children = (
				CB131DD71FD6AC0200503223 /* AppDelegate.swift */,
				CB131DD91FD6AC0200503223 /* ViewController.swift */,
				CB131DDB1FD6AC0200503223 /* Main.storyboard */,
				CB131DDE1FD6AC0200503223 /* Assets.xcassets */,
				CB131DE01FD6AC0200503223 /* LaunchScreen.storyboard */,
				CB131DE31FD6AC0200503223 /* Info.plist */,
			);
			path = NotaBene;
			sourceTree = "<group>";
		};
		CB131DEB1FD6AC0300503223 /* NotaBeneTests */ = {
			isa = PBXGroup;
			children = (
				CB131DEC1FD6AC0300503223 /* NotaBeneTests.swift */,
				CB131DEE1FD6AC0300503223 /* Info.plist */,
			);
			path = NotaBeneTests;
			sourceTree = "<group>";
		};
		CB131DF61FD6AC0300503223 /* NotaBeneUITests */ = {
			isa = PBXGroup;
			children = (
				CB131DF71FD6AC0300503223 /* NotaBeneUITests.swift */,
				CB131DF91FD6AC0300503223 /* Info.plist */,
			);
			path = NotaBeneUITests;
			sourceTree = "<group>";
		};
/* End PBXGroup section */

/* Begin PBXNativeTarget section */
		CB131DD31FD6AC0200503223 /* NotaBene */ = {
			isa = PBXNativeTarget;
			buildConfigurationList = CB131DFC1FD6AC0300503223 /* Build configuration list for PBXNativeTarget "NotaBene" */;
			buildPhases = (
				CB131DD01FD6AC0200503223 /* Sources */,
				CB131DD11FD6AC0200503223 /* Frameworks */,
				CB131DD21FD6AC0200503223 /* Resources */,
			);
			buildRules = (
			);
			dependencies = (
			);
			name = NotaBene;
			productName = NotaBene;
			productReference = CB131DD41FD6AC0200503223 /* NotaBene.app */;
			productType = "com.apple.product-type.application";
		};
		CB131DE71FD6AC0300503223 /* NotaBeneTests */ = {
			isa = PBXNativeTarget;
			buildConfigurationList = CB131DFF1FD6AC0300503223 /* Build configuration list for PBXNativeTarget "NotaBeneTests" */;
			buildPhases = (
				CB131DE41FD6AC0300503223 /* Sources */,
				CB131DE51FD6AC0300503223 /* Frameworks */,
				CB131DE61FD6AC0300503223 /* Resources */,
			);
			buildRules = (
			);
			dependencies = (
				CB131DEA1FD6AC0300503223 /* PBXTargetDependency */,
			);
			name = NotaBeneTests;
			productName = NotaBeneTests;
			productReference = CB131DE81FD6AC0300503223 /* NotaBeneTests.xctest */;
			productType = "com.apple.product-type.bundle.unit-test";
		};
		CB131DF21FD6AC0300503223 /* NotaBeneUITests */ = {
			isa = PBXNativeTarget;
			buildConfigurationList = CB131E021FD6AC0300503223 /* Build configuration list for PBXNativeTarget "NotaBeneUITests" */;
			buildPhases = (
				CB131DEF1FD6AC0300503223 /* Sources */,
				CB131DF01FD6AC0300503223 /* Frameworks */,
				CB131DF11FD6AC0300503223 /* Resources */,
			);
			buildRules = (
			);
			dependencies = (
				CB131DF51FD6AC0300503223 /* PBXTargetDependency */,
			);
			name = NotaBeneUITests;
			productName = NotaBeneUITests;
			productReference = CB131DF31FD6AC0300503223 /* NotaBeneUITests.xctest */;
			productType = "com.apple.product-type.bundle.ui-testing";
		};
/* End PBXNativeTarget section */

/* Begin PBXProject section */
		CB131DCC1FD6AC0200503223 /* Project object */ = {
			isa = PBXProject;
			attributes = {
				LastSwiftUpdateCheck = 0920;
				LastUpgradeCheck = 0920;
				ORGANIZATIONNAME = "Christine Horrocks";
				TargetAttributes = {
					CB131DD31FD6AC0200503223 = {
						CreatedOnToolsVersion = 9.2;
						ProvisioningStyle = Automatic;
					};
					CB131DE71FD6AC0300503223 = {
						CreatedOnToolsVersion = 9.2;
						ProvisioningStyle = Automatic;
						TestTargetID = CB131DD31FD6AC0200503223;
					};
					CB131DF21FD6AC0300503223 = {
						CreatedOnToolsVersion = 9.2;
						ProvisioningStyle = Automatic;
						TestTargetID = CB131DD31FD6AC0200503223;
					};
				};
			};
			buildConfigurationList = CB131DCF1FD6AC0200503223 /* Build configuration list for PBXProject "NotaBene" */;
			compatibilityVersion = "Xcode 8.0";
			developmentRegion = en;
			hasScannedForEncodings = 0;
			knownRegions = (
				en,
				Base,
			);
			mainGroup = CB131DCB1FD6AC0200503223;
			productRefGroup = CB131DD51FD6AC0200503223 /* Products */;
			projectDirPath = "";
			projectRoot = "";
			targets = (
				CB131DD31FD6AC0200503223 /* NotaBene */,
				CB131DE71FD6AC0300503223 /* NotaBeneTests */,
				CB131DF21FD6AC0300503223 /* NotaBeneUITests */,
			);
		};
/* End PBXProject section */

/* Begin PBXResourcesBuildPhase section */
		CB131DD21FD6AC0200503223 /* Resources */ = {
			isa = PBXResourcesBuildPhase;
			buildActionMask = 2147483647;
			files = (
				CB131DE21FD6AC0200503223 /* LaunchScreen.storyboard in Resources */,
				CB131DDF1FD6AC0200503223 /* Assets.xcassets in Resources */,
				CB131DDD1FD6AC0200503223 /* Main.storyboard in Resources */,
			);
			runOnlyForDeploymentPostprocessing = 0;
		};
		CB131DE61FD6AC0300503223 /* Resources */ = {
			isa = PBXResourcesBuildPhase;
			buildActionMask = 2147483647;
			files = (
			);
			runOnlyForDeploymentPostprocessing = 0;
		};
		CB131DF11FD6AC0300503223 /* Resources */ = {
			isa = PBXResourcesBuildPhase;
			buildActionMask = 2147483647;
			files = (
			);
			runOnlyForDeploymentPostprocessing = 0;
		};
/* End PBXResourcesBuildPhase section */

/* Begin PBXSourcesBuildPhase section */
		CB131DD01FD6AC0200503223 /* Sources */ = {
			isa = PBXSourcesBuildPhase;
			buildActionMask = 2147483647;
			files = (
				CB131DDA1FD6AC0200503223 /* ViewController.swift in Sources */,
				CB131DD81FD6AC0200503223 /* AppDelegate.swift in Sources */,
			);
			runOnlyForDeploymentPostprocessing = 0;
		};
		CB131DE41FD6AC0300503223 /* Sources */ = {
			isa = PBXSourcesBuildPhase;
			buildActionMask = 2147483647;
			files = (
				CB131DED1FD6AC0300503223 /* NotaBeneTests.swift in Sources */,
			);
			runOnlyForDeploymentPostprocessing = 0;
		};
		CB131DEF1FD6AC0300503223 /* Sources */ = {
			isa = PBXSourcesBuildPhase;
			buildActionMask = 2147483647;
			files = (
				CB131DF81FD6AC0300503223 /* NotaBeneUITests.swift in Sources */,
			);
			runOnlyForDeploymentPostprocessing = 0;
		};
/* End PBXSourcesBuildPhase section */

/* Begin PBXTargetDependency section */
		CB131DEA1FD6AC0300503223 /* PBXTargetDependency */ = {
			isa = PBXTargetDependency;
			target = CB131DD31FD6AC0200503223 /* NotaBene */;
			targetProxy = CB131DE91FD6AC0300503223 /* PBXContainerItemProxy */;
		};
		CB131DF51FD6AC0300503223 /* PBXTargetDependency */ = {
			isa = PBXTargetDependency;
			target = CB131DD31FD6AC0200503223 /* NotaBene */;
			targetProxy = CB131DF41FD6AC0300503223 /* PBXContainerItemProxy */;
		};
/* End PBXTargetDependency section */

/* Begin PBXVariantGroup section */
		CB131DDB1FD6AC0200503223 /* Main.storyboard */ = {
			isa = PBXVariantGroup;
			children = (
				CB131DDC1FD6AC0200503223 /* Base */,
			);
			name = Main.storyboard;
			sourceTree = "<group>";
		};
		CB131DE01FD6AC0200503223 /* LaunchScreen.storyboard */ = {
			isa = PBXVariantGroup;
			children = (
				CB131DE11FD6AC0200503223 /* Base */,
			);
			name = LaunchScreen.storyboard;
			sourceTree = "<group>";
		};
/* End PBXVariantGroup section */

/* Begin XCBuildConfiguration section */
		CB131DFA1FD6AC0300503223 /* Debug */ = {
			isa = XCBuildConfiguration;
			buildSettings = {
				ALWAYS_SEARCH_USER_PATHS = NO;
				CLANG_ANALYZER_NONNULL = YES;
				CLANG_ANALYZER_NUMBER_OBJECT_CONVERSION = YES_AGGRESSIVE;
				CLANG_CXX_LANGUAGE_STANDARD = "gnu++14";
				CLANG_CXX_LIBRARY = "libc++";
				CLANG_ENABLE_MODULES = YES;
				CLANG_ENABLE_OBJC_ARC = YES;
				CLANG_WARN_BLOCK_CAPTURE_AUTORELEASING = YES;
				CLANG_WARN_BOOL_CONVERSION = YES;
				CLANG_WARN_COMMA = YES;
				CLANG_WARN_CONSTANT_CONVERSION = YES;
				CLANG_WARN_DIRECT_OBJC_ISA_USAGE = YES_ERROR;
				CLANG_WARN_DOCUMENTATION_COMMENTS = YES;
				CLANG_WARN_EMPTY_BODY = YES;
				CLANG_WARN_ENUM_CONVERSION = YES;
				CLANG_WARN_INFINITE_RECURSION = YES;
				CLANG_WARN_INT_CONVERSION = YES;
				CLANG_WARN_NON_LITERAL_NULL_CONVERSION = YES;
				CLANG_WARN_OBJC_LITERAL_CONVERSION = YES;
				CLANG_WARN_OBJC_ROOT_CLASS = YES_ERROR;
				CLANG_WARN_RANGE_LOOP_ANALYSIS = YES;
				CLANG_WARN_STRICT_PROTOTYPES = YES;
				CLANG_WARN_SUSPICIOUS_MOVE = YES;
				CLANG_WARN_UNGUARDED_AVAILABILITY = YES_AGGRESSIVE;
				CLANG_WARN_UNREACHABLE_CODE = YES;
				CLANG_WARN__DUPLICATE_METHOD_MATCH = YES;
				CODE_SIGN_IDENTITY = "iPhone Developer";
				COPY_PHASE_STRIP = NO;
				DEBUG_INFORMATION_FORMAT = dwarf;
				ENABLE_STRICT_OBJC_MSGSEND = YES;
				ENABLE_TESTABILITY = YES;
				GCC_C_LANGUAGE_STANDARD = gnu11;
				GCC_DYNAMIC_NO_PIC = NO;
				GCC_NO_COMMON_BLOCKS = YES;
				GCC_OPTIMIZATION_LEVEL = 0;
				GCC_PREPROCESSOR_DEFINITIONS = (
					"DEBUG=1",
					"$(inherited)",
				);
				GCC_WARN_64_TO_32_BIT_CONVERSION = YES;
				GCC_WARN_ABOUT_RETURN_TYPE = YES_ERROR;
				GCC_WARN_UNDECLARED_SELECTOR = YES;
				GCC_WARN_UNINITIALIZED_AUTOS = YES_AGGRESSIVE;
				GCC_WARN_UNUSED_FUNCTION = YES;
				GCC_WARN_UNUSED_VARIABLE = YES;
				IPHONEOS_DEPLOYMENT_TARGET = 11.2;
				MTL_ENABLE_DEBUG_INFO = YES;
				ONLY_ACTIVE_ARCH = YES;
				SDKROOT = iphoneos;
				SWIFT_ACTIVE_COMPILATION_CONDITIONS = DEBUG;
				SWIFT_OPTIMIZATION_LEVEL = "-Onone";
			};
			name = Debug;
		};
		CB131DFB1FD6AC0300503223 /* Release */ = {
			isa = XCBuildConfiguration;
			buildSettings = {
				ALWAYS_SEARCH_USER_PATHS = NO;
				CLANG_ANALYZER_NONNULL = YES;
				CLANG_ANALYZER_NUMBER_OBJECT_CONVERSION = YES_AGGRESSIVE;
				CLANG_CXX_LANGUAGE_STANDARD = "gnu++14";
				CLANG_CXX_LIBRARY = "libc++";
				CLANG_ENABLE_MODULES = YES;
				CLANG_ENABLE_OBJC_ARC = YES;
				CLANG_WARN_BLOCK_CAPTURE_AUTORELEASING = YES;
				CLANG_WARN_BOOL_CONVERSION = YES;
				CLANG_WARN_COMMA = YES;
				CLANG_WARN_CONSTANT_CONVERSION = YES;
				CLANG_WARN_DIRECT_OBJC_ISA_USAGE = YES_ERROR;
				CLANG_WARN_DOCUMENTATION_COMMENTS = YES;
				CLANG_WARN_EMPTY_BODY = YES;
				CLANG_WARN_ENUM_CONVERSION = YES;
				CLANG_WARN_INFINITE_RECURSION = YES;
				CLANG_WARN_INT_CONVERSION = YES;
				CLANG_WARN_NON_LITERAL_NULL_CONVERSION = YES;
				CLANG_WARN_OBJC_LITERAL_CONVERSION = YES;
				CLANG_WARN_OBJC_ROOT_CLASS = YES_ERROR;
				CLANG_WARN_RANGE_LOOP_ANALYSIS = YES;
				CLANG_WARN_STRICT_PROTOTYPES = YES;
				CLANG_WARN_SUSPICIOUS_MOVE = YES;
				CLANG_WARN_UNGUARDED_AVAILABILITY = YES_AGGRESSIVE;
				CLANG_WARN_UNREACHABLE_CODE = YES;
				CLANG_WARN__DUPLICATE_METHOD_MATCH = YES;
				CODE_SIGN_IDENTITY = "iPhone Developer";
				COPY_PHASE_STRIP = NO;
				DEBUG_INFORMATION_FORMAT = "dwarf-with-dsym";
				ENABLE_NS_ASSERTIONS = NO;
				ENABLE_STRICT_OBJC_MSGSEND = YES;
				GCC_C_LANGUAGE_STANDARD = gnu11;
				GCC_NO_COMMON_BLOCKS = YES;
				GCC_WARN_64_TO_32_BIT_CONVERSION = YES;
				GCC_WARN_ABOUT_RETURN_TYPE = YES_ERROR;
				GCC_WARN_UNDECLARED_SELECTOR = YES;
				GCC_WARN_UNINITIALIZED_AUTOS = YES_AGGRESSIVE;
				GCC_WARN_UNUSED_FUNCTION = YES;
				GCC_WARN_UNUSED_VARIABLE = YES;
				IPHONEOS_DEPLOYMENT_TARGET = 11.2;
				MTL_ENABLE_DEBUG_INFO = NO;
				SDKROOT = iphoneos;
				SWIFT_OPTIMIZATION_LEVEL = "-Owholemodule";
				VALIDATE_PRODUCT = YES;
			};
			name = Release;
		};
		CB131DFD1FD6AC0300503223 /* Debug */ = {
			isa = XCBuildConfiguration;
			buildSettings = {
				ASSETCATALOG_COMPILER_APPICON_NAME = AppIcon;
				CODE_SIGN_STYLE = Automatic;
				DEVELOPMENT_TEAM = X724L72U3D;
				INFOPLIST_FILE = NotaBene/Info.plist;
				LD_RUNPATH_SEARCH_PATHS = "$(inherited) @executable_path/Frameworks";
				PRODUCT_BUNDLE_IDENTIFIER = com.NotaBene;
				PRODUCT_NAME = "$(TARGET_NAME)";
				SWIFT_VERSION = 4.0;
				TARGETED_DEVICE_FAMILY = "1,2";
			};
			name = Debug;
		};
		CB131DFE1FD6AC0300503223 /* Release */ = {
			isa = XCBuildConfiguration;
			buildSettings = {
				ASSETCATALOG_COMPILER_APPICON_NAME = AppIcon;
				CODE_SIGN_STYLE = Automatic;
				DEVELOPMENT_TEAM = X724L72U3D;
				INFOPLIST_FILE = NotaBene/Info.plist;
				LD_RUNPATH_SEARCH_PATHS = "$(inherited) @executable_path/Frameworks";
				PRODUCT_BUNDLE_IDENTIFIER = com.NotaBene;
				PRODUCT_NAME = "$(TARGET_NAME)";
				SWIFT_VERSION = 4.0;
				TARGETED_DEVICE_FAMILY = "1,2";
			};
			name = Release;
		};
		CB131E001FD6AC0300503223 /* Debug */ = {
			isa = XCBuildConfiguration;
			buildSettings = {
				ALWAYS_EMBED_SWIFT_STANDARD_LIBRARIES = YES;
				BUNDLE_LOADER = "$(TEST_HOST)";
				CODE_SIGN_STYLE = Automatic;
				DEVELOPMENT_TEAM = X724L72U3D;
				INFOPLIST_FILE = NotaBeneTests/Info.plist;
				LD_RUNPATH_SEARCH_PATHS = "$(inherited) @executable_path/Frameworks @loader_path/Frameworks";
				PRODUCT_BUNDLE_IDENTIFIER = com.NotaBeneTests;
				PRODUCT_NAME = "$(TARGET_NAME)";
				SWIFT_VERSION = 4.0;
				TARGETED_DEVICE_FAMILY = "1,2";
				TEST_HOST = "$(BUILT_PRODUCTS_DIR)/NotaBene.app/NotaBene";
			};
			name = Debug;
		};
		CB131E011FD6AC0300503223 /* Release */ = {
			isa = XCBuildConfiguration;
			buildSettings = {
				ALWAYS_EMBED_SWIFT_STANDARD_LIBRARIES = YES;
				BUNDLE_LOADER = "$(TEST_HOST)";
				CODE_SIGN_STYLE = Automatic;
				DEVELOPMENT_TEAM = X724L72U3D;
				INFOPLIST_FILE = NotaBeneTests/Info.plist;
				LD_RUNPATH_SEARCH_PATHS = "$(inherited) @executable_path/Frameworks @loader_path/Frameworks";
				PRODUCT_BUNDLE_IDENTIFIER = com.NotaBeneTests;
				PRODUCT_NAME = "$(TARGET_NAME)";
				SWIFT_VERSION = 4.0;
				TARGETED_DEVICE_FAMILY = "1,2";
				TEST_HOST = "$(BUILT_PRODUCTS_DIR)/NotaBene.app/NotaBene";
			};
			name = Release;
		};
		CB131E031FD6AC0300503223 /* Debug */ = {
			isa = XCBuildConfiguration;
			buildSettings = {
				ALWAYS_EMBED_SWIFT_STANDARD_LIBRARIES = YES;
				CODE_SIGN_STYLE = Automatic;
				DEVELOPMENT_TEAM = X724L72U3D;
				INFOPLIST_FILE = NotaBeneUITests/Info.plist;
				LD_RUNPATH_SEARCH_PATHS = "$(inherited) @executable_path/Frameworks @loader_path/Frameworks";
				PRODUCT_BUNDLE_IDENTIFIER = com.NotaBeneUITests;
				PRODUCT_NAME = "$(TARGET_NAME)";
				SWIFT_VERSION = 4.0;
				TARGETED_DEVICE_FAMILY = "1,2";
				TEST_TARGET_NAME = NotaBene;
			};
			name = Debug;
		};
		CB131E041FD6AC0300503223 /* Release */ = {
			isa = XCBuildConfiguration;
			buildSettings = {
				ALWAYS_EMBED_SWIFT_STANDARD_LIBRARIES = YES;
				CODE_SIGN_STYLE = Automatic;
				DEVELOPMENT_TEAM = X724L72U3D;
				INFOPLIST_FILE = NotaBeneUITests/Info.plist;
				LD_RUNPATH_SEARCH_PATHS = "$(inherited) @executable_path/Frameworks @loader_path/Frameworks";
				PRODUCT_BUNDLE_IDENTIFIER = com.NotaBeneUITests;
				PRODUCT_NAME = "$(TARGET_NAME)";
				SWIFT_VERSION = 4.0;
				TARGETED_DEVICE_FAMILY = "1,2";
				TEST_TARGET_NAME = NotaBene;
			};
			name = Release;
		};
/* End XCBuildConfiguration section */

/* Begin XCConfigurationList section */
		CB131DCF1FD6AC0200503223 /* Build configuration list for PBXProject "NotaBene" */ = {
			isa = XCConfigurationList;
			buildConfigurations = (
				CB131DFA1FD6AC0300503223 /* Debug */,
				CB131DFB1FD6AC0300503223 /* Release */,
			);
			defaultConfigurationIsVisible = 0;
			defaultConfigurationName = Release;
		};
		CB131DFC1FD6AC0300503223 /* Build configuration list for PBXNativeTarget "NotaBene" */ = {
			isa = XCConfigurationList;
			buildConfigurations = (
				CB131DFD1FD6AC0300503223 /* Debug */,
				CB131DFE1FD6AC0300503223 /* Release */,
			);
			defaultConfigurationIsVisible = 0;
			defaultConfigurationName = Release;
		};
		CB131DFF1FD6AC0300503223 /* Build configuration list for PBXNativeTarget "NotaBeneTests" */ = {
			isa = XCConfigurationList;
			buildConfigurations = (
				CB131E001FD6AC0300503223 /* Debug */,
				CB131E011FD6AC0300503223 /* Release */,
			);
			defaultConfigurationIsVisible = 0;
			defaultConfigurationName = Release;
		};
		CB131E021FD6AC0300503223 /* Build configuration list for PBXNativeTarget "NotaBeneUITests" */ = {
			isa = XCConfigurationList;
			buildConfigurations = (
				CB131E031FD6AC0300503223 /* Debug */,
				CB131E041FD6AC0300503223 /* Release */,
			);
			defaultConfigurationIsVisible = 0;
			defaultConfigurationName = Release;
		};
/* End XCConfigurationList section */
	};
	rootObject = CB131DCC1FD6AC0200503223 /* Project object */;
}
